
Microsoft Visual Studio Solution File, Format Version 12.00
# Visual Studio Version 16
VisualStudioVersion = 16.0.29509.3
MinimumVisualStudioVersion = 10.0.40219.1
Project("{9A19103F-16F7-4668-BE54-9A1E7A4F7556}") = "battleship_state_tracker", "battleship_state_tracker.csproj", "{21D9F63E-7E94-4225-9E1B-B9E5ACAE7E85}"
EndProject
Global
	GlobalSection(SolutionConfigurationPlatforms) = preSolution
		Debug|Any CPU = Debug|Any CPU
		Release|Any CPU = Release|Any CPU
	EndGlobalSection
	GlobalSection(ProjectConfigurationPlatforms) = postSolution
		{21D9F63E-7E94-4225-9E1B-B9E5ACAE7E85}.Debug|Any CPU.ActiveCfg = Debug|Any CPU
		{21D9F63E-7E94-4225-9E1B-B9E5ACAE7E85}.Debug|Any CPU.Build.0 = Debug|Any CPU
		{21D9F63E-7E94-4225-9E1B-B9E5ACAE7E85}.Release|Any CPU.ActiveCfg = Release|Any CPU
		{21D9F63E-7E94-4225-9E1B-B9E5ACAE7E85}.Release|Any CPU.Build.0 = Release|Any CPU
	EndGlobalSection
	GlobalSection(SolutionProperties) = preSolution
		HideSolutionNode = FALSE
	EndGlobalSection
	GlobalSection(ExtensibilityGlobals) = postSolution
		SolutionGuid = {6175238A-D632-4BA3-B7E0-B7BE93FF8EE8}
	EndGlobalSection
EndGlobal
